
Microsoft Visual Studio Solution File, Format Version 12.00
# Visual Studio 15
VisualStudioVersion = 15.0.27703.2042
MinimumVisualStudioVersion = 10.0.40219.1
Project("{9A19103F-16F7-4668-BE54-9A1E7A4F7556}") = "CORE.NG.API", "CORE.NG.API\CORE.NG.API.csproj", "{D5AA64A5-F54A-4456-9240-ABDCE94B6596}"
EndProject
Project("{9A19103F-16F7-4668-BE54-9A1E7A4F7556}") = "CORE.NG.DATA", "CORE.NG.DATA\CORE.NG.DATA.csproj", "{F3D20DCC-D31B-477F-9F21-3F9891C60037}"
EndProject
Project("{9A19103F-16F7-4668-BE54-9A1E7A4F7556}") = "CORE.NG.CACHE", "CORE.NG.CACHE\CORE.NG.CACHE.csproj", "{FCE1F4AD-03FD-438C-9B97-6296F8DDA7F2}"
EndProject
Project("{9A19103F-16F7-4668-BE54-9A1E7A4F7556}") = "NG.CORE.BUSINESS", "NG.CORE.BUSINESS\NG.CORE.BUSINESS.csproj", "{C20926DA-47AF-4C05-836B-E187A456DAA6}"
EndProject
Project("{9A19103F-16F7-4668-BE54-9A1E7A4F7556}") = "CORE.NG.MODELS", "CORE.NG.MODELS\CORE.NG.MODELS.csproj", "{83FE6947-DF2E-46CC-873E-C3AF5B666B0F}"
EndProject
Project("{9A19103F-16F7-4668-BE54-9A1E7A4F7556}") = "NG.CORE.BUSINESS.TEST", "NG.CORE.BUSINESSTest\NG.CORE.BUSINESS.TEST.csproj", "{E44441D0-FD70-4716-9D5B-AEF834BA6C93}"
EndProject
Project("{9A19103F-16F7-4668-BE54-9A1E7A4F7556}") = "CORE.NG.EXCEPTION", "CORE.NG.EXCEPTION\CORE.NG.EXCEPTION.csproj", "{807CA3F4-B531-419B-B91A-211E77E15B9B}"
EndProject
Project("{FAE04EC0-301F-11D3-BF4B-00C04F79EFBC}") = "CORE.NG.VALIDATION", "CORE.NG.VALIDATION\CORE.NG.VALIDATION.csproj", "{5E54B53F-EEDF-468D-BC6E-8CD4FE0EBD06}"
EndProject
Project("{FAE04EC0-301F-11D3-BF4B-00C04F79EFBC}") = "CORE.NG.APITests", "CORE.NG.APITests\CORE.NG.APITests.csproj", "{6889731D-39AC-40FF-BE8D-1508F281A591}"
EndProject
Project("{FAE04EC0-301F-11D3-BF4B-00C04F79EFBC}") = "CORE.NG.LOGGER", "CORE.NG.LOGGER\CORE.NG.LOGGER.csproj", "{127DE5F1-1049-4ACA-BF51-79B2E73C3E52}"
EndProject
Global
	GlobalSection(SolutionConfigurationPlatforms) = preSolution
		Debug|Any CPU = Debug|Any CPU
		Debug|x86 = Debug|x86
		Release|Any CPU = Release|Any CPU
		Release|x86 = Release|x86
	EndGlobalSection
	GlobalSection(ProjectConfigurationPlatforms) = postSolution
		{D5AA64A5-F54A-4456-9240-ABDCE94B6596}.Debug|Any CPU.ActiveCfg = Debug|Any CPU
		{D5AA64A5-F54A-4456-9240-ABDCE94B6596}.Debug|Any CPU.Build.0 = Debug|Any CPU
		{D5AA64A5-F54A-4456-9240-ABDCE94B6596}.Debug|x86.ActiveCfg = Debug|Any CPU
		{D5AA64A5-F54A-4456-9240-ABDCE94B6596}.Debug|x86.Build.0 = Debug|Any CPU
		{D5AA64A5-F54A-4456-9240-ABDCE94B6596}.Release|Any CPU.ActiveCfg = Release|Any CPU
		{D5AA64A5-F54A-4456-9240-ABDCE94B6596}.Release|Any CPU.Build.0 = Release|Any CPU
		{D5AA64A5-F54A-4456-9240-ABDCE94B6596}.Release|x86.ActiveCfg = Release|Any CPU
		{D5AA64A5-F54A-4456-9240-ABDCE94B6596}.Release|x86.Build.0 = Release|Any CPU
		{F3D20DCC-D31B-477F-9F21-3F9891C60037}.Debug|Any CPU.ActiveCfg = Debug|Any CPU
		{F3D20DCC-D31B-477F-9F21-3F9891C60037}.Debug|Any CPU.Build.0 = Debug|Any CPU
		{F3D20DCC-D31B-477F-9F21-3F9891C60037}.Debug|x86.ActiveCfg = Debug|Any CPU
		{F3D20DCC-D31B-477F-9F21-3F9891C60037}.Debug|x86.Build.0 = Debug|Any CPU
		{F3D20DCC-D31B-477F-9F21-3F9891C60037}.Release|Any CPU.ActiveCfg = Release|Any CPU
		{F3D20DCC-D31B-477F-9F21-3F9891C60037}.Release|Any CPU.Build.0 = Release|Any CPU
		{F3D20DCC-D31B-477F-9F21-3F9891C60037}.Release|x86.ActiveCfg = Release|Any CPU
		{F3D20DCC-D31B-477F-9F21-3F9891C60037}.Release|x86.Build.0 = Release|Any CPU
		{FCE1F4AD-03FD-438C-9B97-6296F8DDA7F2}.Debug|Any CPU.ActiveCfg = Debug|Any CPU
		{FCE1F4AD-03FD-438C-9B97-6296F8DDA7F2}.Debug|Any CPU.Build.0 = Debug|Any CPU
		{FCE1F4AD-03FD-438C-9B97-6296F8DDA7F2}.Debug|x86.ActiveCfg = Debug|Any CPU
		{FCE1F4AD-03FD-438C-9B97-6296F8DDA7F2}.Debug|x86.Build.0 = Debug|Any CPU
		{FCE1F4AD-03FD-438C-9B97-6296F8DDA7F2}.Release|Any CPU.ActiveCfg = Release|Any CPU
		{FCE1F4AD-03FD-438C-9B97-6296F8DDA7F2}.Release|Any CPU.Build.0 = Release|Any CPU
		{FCE1F4AD-03FD-438C-9B97-6296F8DDA7F2}.Release|x86.ActiveCfg = Release|Any CPU
		{FCE1F4AD-03FD-438C-9B97-6296F8DDA7F2}.Release|x86.Build.0 = Release|Any CPU
		{C20926DA-47AF-4C05-836B-E187A456DAA6}.Debug|Any CPU.ActiveCfg = Debug|Any CPU
		{C20926DA-47AF-4C05-836B-E187A456DAA6}.Debug|Any CPU.Build.0 = Debug|Any CPU
		{C20926DA-47AF-4C05-836B-E187A456DAA6}.Debug|x86.ActiveCfg = Debug|Any CPU
		{C20926DA-47AF-4C05-836B-E187A456DAA6}.Debug|x86.Build.0 = Debug|Any CPU
		{C20926DA-47AF-4C05-836B-E187A456DAA6}.Release|Any CPU.ActiveCfg = Release|Any CPU
		{C20926DA-47AF-4C05-836B-E187A456DAA6}.Release|Any CPU.Build.0 = Release|Any CPU
		{C20926DA-47AF-4C05-836B-E187A456DAA6}.Release|x86.ActiveCfg = Release|Any CPU
		{C20926DA-47AF-4C05-836B-E187A456DAA6}.Release|x86.Build.0 = Release|Any CPU
		{83FE6947-DF2E-46CC-873E-C3AF5B666B0F}.Debug|Any CPU.ActiveCfg = Debug|Any CPU
		{83FE6947-DF2E-46CC-873E-C3AF5B666B0F}.Debug|Any CPU.Build.0 = Debug|Any CPU
		{83FE6947-DF2E-46CC-873E-C3AF5B666B0F}.Debug|x86.ActiveCfg = Debug|Any CPU
		{83FE6947-DF2E-46CC-873E-C3AF5B666B0F}.Debug|x86.Build.0 = Debug|Any CPU
		{83FE6947-DF2E-46CC-873E-C3AF5B666B0F}.Release|Any CPU.ActiveCfg = Release|Any CPU
		{83FE6947-DF2E-46CC-873E-C3AF5B666B0F}.Release|Any CPU.Build.0 = Release|Any CPU
		{83FE6947-DF2E-46CC-873E-C3AF5B666B0F}.Release|x86.ActiveCfg = Release|Any CPU
		{83FE6947-DF2E-46CC-873E-C3AF5B666B0F}.Release|x86.Build.0 = Release|Any CPU
		{E44441D0-FD70-4716-9D5B-AEF834BA6C93}.Debug|Any CPU.ActiveCfg = Debug|Any CPU
		{E44441D0-FD70-4716-9D5B-AEF834BA6C93}.Debug|Any CPU.Build.0 = Debug|Any CPU
		{E44441D0-FD70-4716-9D5B-AEF834BA6C93}.Debug|x86.ActiveCfg = Debug|Any CPU
		{E44441D0-FD70-4716-9D5B-AEF834BA6C93}.Debug|x86.Build.0 = Debug|Any CPU
		{E44441D0-FD70-4716-9D5B-AEF834BA6C93}.Release|Any CPU.ActiveCfg = Release|Any CPU
		{E44441D0-FD70-4716-9D5B-AEF834BA6C93}.Release|Any CPU.Build.0 = Release|Any CPU
		{E44441D0-FD70-4716-9D5B-AEF834BA6C93}.Release|x86.ActiveCfg = Release|Any CPU
		{E44441D0-FD70-4716-9D5B-AEF834BA6C93}.Release|x86.Build.0 = Release|Any CPU
		{807CA3F4-B531-419B-B91A-211E77E15B9B}.Debug|Any CPU.ActiveCfg = Debug|Any CPU
		{807CA3F4-B531-419B-B91A-211E77E15B9B}.Debug|Any CPU.Build.0 = Debug|Any CPU
		{807CA3F4-B531-419B-B91A-211E77E15B9B}.Debug|x86.ActiveCfg = Debug|Any CPU
		{807CA3F4-B531-419B-B91A-211E77E15B9B}.Debug|x86.Build.0 = Debug|Any CPU
		{807CA3F4-B531-419B-B91A-211E77E15B9B}.Release|Any CPU.ActiveCfg = Release|Any CPU
		{807CA3F4-B531-419B-B91A-211E77E15B9B}.Release|Any CPU.Build.0 = Release|Any CPU
		{807CA3F4-B531-419B-B91A-211E77E15B9B}.Release|x86.ActiveCfg = Release|Any CPU
		{807CA3F4-B531-419B-B91A-211E77E15B9B}.Release|x86.Build.0 = Release|Any CPU
		{5E54B53F-EEDF-468D-BC6E-8CD4FE0EBD06}.Debug|Any CPU.ActiveCfg = Debug|Any CPU
		{5E54B53F-EEDF-468D-BC6E-8CD4FE0EBD06}.Debug|Any CPU.Build.0 = Debug|Any CPU
		{5E54B53F-EEDF-468D-BC6E-8CD4FE0EBD06}.Debug|x86.ActiveCfg = Debug|Any CPU
		{5E54B53F-EEDF-468D-BC6E-8CD4FE0EBD06}.Debug|x86.Build.0 = Debug|Any CPU
		{5E54B53F-EEDF-468D-BC6E-8CD4FE0EBD06}.Release|Any CPU.ActiveCfg = Release|Any CPU
		{5E54B53F-EEDF-468D-BC6E-8CD4FE0EBD06}.Release|Any CPU.Build.0 = Release|Any CPU
		{5E54B53F-EEDF-468D-BC6E-8CD4FE0EBD06}.Release|x86.ActiveCfg = Release|Any CPU
		{5E54B53F-EEDF-468D-BC6E-8CD4FE0EBD06}.Release|x86.Build.0 = Release|Any CPU
		{6889731D-39AC-40FF-BE8D-1508F281A591}.Debug|Any CPU.ActiveCfg = Debug|Any CPU
		{6889731D-39AC-40FF-BE8D-1508F281A591}.Debug|Any CPU.Build.0 = Debug|Any CPU
		{6889731D-39AC-40FF-BE8D-1508F281A591}.Debug|x86.ActiveCfg = Debug|Any CPU
		{6889731D-39AC-40FF-BE8D-1508F281A591}.Debug|x86.Build.0 = Debug|Any CPU
		{6889731D-39AC-40FF-BE8D-1508F281A591}.Release|Any CPU.ActiveCfg = Release|Any CPU
		{6889731D-39AC-40FF-BE8D-1508F281A591}.Release|Any CPU.Build.0 = Release|Any CPU
		{6889731D-39AC-40FF-BE8D-1508F281A591}.Release|x86.ActiveCfg = Release|Any CPU
		{6889731D-39AC-40FF-BE8D-1508F281A591}.Release|x86.Build.0 = Release|Any CPU
		{127DE5F1-1049-4ACA-BF51-79B2E73C3E52}.Debug|Any CPU.ActiveCfg = Debug|Any CPU
		{127DE5F1-1049-4ACA-BF51-79B2E73C3E52}.Debug|Any CPU.Build.0 = Debug|Any CPU
		{127DE5F1-1049-4ACA-BF51-79B2E73C3E52}.Debug|x86.ActiveCfg = Debug|Any CPU
		{127DE5F1-1049-4ACA-BF51-79B2E73C3E52}.Debug|x86.Build.0 = Debug|Any CPU
		{127DE5F1-1049-4ACA-BF51-79B2E73C3E52}.Release|Any CPU.ActiveCfg = Release|Any CPU
		{127DE5F1-1049-4ACA-BF51-79B2E73C3E52}.Release|Any CPU.Build.0 = Release|Any CPU
		{127DE5F1-1049-4ACA-BF51-79B2E73C3E52}.Release|x86.ActiveCfg = Release|Any CPU
		{127DE5F1-1049-4ACA-BF51-79B2E73C3E52}.Release|x86.Build.0 = Release|Any CPU
	EndGlobalSection
	GlobalSection(SolutionProperties) = preSolution
		HideSolutionNode = FALSE
	EndGlobalSection
	GlobalSection(NestedProjects) = preSolution
		{E44441D0-FD70-4716-9D5B-AEF834BA6C93} = {9E37977A-BA4C-4C2E-9F4A-7B0E793F7E03}
		{6889731D-39AC-40FF-BE8D-1508F281A591} = {9E37977A-BA4C-4C2E-9F4A-7B0E793F7E03}
	EndGlobalSection
	GlobalSection(ExtensibilityGlobals) = postSolution
		SolutionGuid = {4F6322AD-295F-4BA5-A353-23613DB21377}
	EndGlobalSection
EndGlobal
